
Microsoft Visual Studio Solution File, Format Version 12.00
# Visual Studio Version 16
VisualStudioVersion = 16.0.30907.101
MinimumVisualStudioVersion = 10.0.40219.1
Project("{8BC9CEB8-8B4A-11D0-8D11-00A0C91BC942}") = "Rush01", "Rush01\Rush01.vcxproj", "{0C8F7D57-F478-4942-AAA5-F4FF4A18BF2A}"
EndProject
Project("{8BC9CEB8-8B4A-11D0-8D11-00A0C91BC942}") = "ctest", "ctest\ctest.vcxproj", "{5E0E7E3E-1429-4961-91C2-A690E6C9EF17}"
EndProject
Project("{8BC9CEB8-8B4A-11D0-8D11-00A0C91BC942}") = "C02_test", "C02_test\C02_test.vcxproj", "{B9CD97E2-7485-4BA1-99C2-E84EA5FA66C8}"
EndProject
Project("{8BC9CEB8-8B4A-11D0-8D11-00A0C91BC942}") = "testfile", "testfile\testfile.vcxproj", "{99190180-E4FA-400B-9FA3-772494A1704B}"
EndProject
Global
	GlobalSection(SolutionConfigurationPlatforms) = preSolution
		Debug|x64 = Debug|x64
		Debug|x86 = Debug|x86
		Release|x64 = Release|x64
		Release|x86 = Release|x86
	EndGlobalSection
	GlobalSection(ProjectConfigurationPlatforms) = postSolution
		{0C8F7D57-F478-4942-AAA5-F4FF4A18BF2A}.Debug|x64.ActiveCfg = Debug|x64
		{0C8F7D57-F478-4942-AAA5-F4FF4A18BF2A}.Debug|x64.Build.0 = Debug|x64
		{0C8F7D57-F478-4942-AAA5-F4FF4A18BF2A}.Debug|x86.ActiveCfg = Debug|Win32
		{0C8F7D57-F478-4942-AAA5-F4FF4A18BF2A}.Debug|x86.Build.0 = Debug|Win32
		{0C8F7D57-F478-4942-AAA5-F4FF4A18BF2A}.Release|x64.ActiveCfg = Release|x64
		{0C8F7D57-F478-4942-AAA5-F4FF4A18BF2A}.Release|x64.Build.0 = Release|x64
		{0C8F7D57-F478-4942-AAA5-F4FF4A18BF2A}.Release|x86.ActiveCfg = Release|Win32
		{0C8F7D57-F478-4942-AAA5-F4FF4A18BF2A}.Release|x86.Build.0 = Release|Win32
		{5E0E7E3E-1429-4961-91C2-A690E6C9EF17}.Debug|x64.ActiveCfg = Debug|x64
		{5E0E7E3E-1429-4961-91C2-A690E6C9EF17}.Debug|x64.Build.0 = Debug|x64
		{5E0E7E3E-1429-4961-91C2-A690E6C9EF17}.Debug|x86.ActiveCfg = Debug|Win32
		{5E0E7E3E-1429-4961-91C2-A690E6C9EF17}.Debug|x86.Build.0 = Debug|Win32
		{5E0E7E3E-1429-4961-91C2-A690E6C9EF17}.Release|x64.ActiveCfg = Release|x64
		{5E0E7E3E-1429-4961-91C2-A690E6C9EF17}.Release|x64.Build.0 = Release|x64
		{5E0E7E3E-1429-4961-91C2-A690E6C9EF17}.Release|x86.ActiveCfg = Release|Win32
		{5E0E7E3E-1429-4961-91C2-A690E6C9EF17}.Release|x86.Build.0 = Release|Win32
		{B9CD97E2-7485-4BA1-99C2-E84EA5FA66C8}.Debug|x64.ActiveCfg = Debug|x64
		{B9CD97E2-7485-4BA1-99C2-E84EA5FA66C8}.Debug|x64.Build.0 = Debug|x64
		{B9CD97E2-7485-4BA1-99C2-E84EA5FA66C8}.Debug|x86.ActiveCfg = Debug|Win32
		{B9CD97E2-7485-4BA1-99C2-E84EA5FA66C8}.Debug|x86.Build.0 = Debug|Win32
		{B9CD97E2-7485-4BA1-99C2-E84EA5FA66C8}.Release|x64.ActiveCfg = Release|x64
		{B9CD97E2-7485-4BA1-99C2-E84EA5FA66C8}.Release|x64.Build.0 = Release|x64
		{B9CD97E2-7485-4BA1-99C2-E84EA5FA66C8}.Release|x86.ActiveCfg = Release|Win32
		{B9CD97E2-7485-4BA1-99C2-E84EA5FA66C8}.Release|x86.Build.0 = Release|Win32
		{99190180-E4FA-400B-9FA3-772494A1704B}.Debug|x64.ActiveCfg = Debug|x64
		{99190180-E4FA-400B-9FA3-772494A1704B}.Debug|x64.Build.0 = Debug|x64
		{99190180-E4FA-400B-9FA3-772494A1704B}.Debug|x86.ActiveCfg = Debug|Win32
		{99190180-E4FA-400B-9FA3-772494A1704B}.Debug|x86.Build.0 = Debug|Win32
		{99190180-E4FA-400B-9FA3-772494A1704B}.Release|x64.ActiveCfg = Release|x64
		{99190180-E4FA-400B-9FA3-772494A1704B}.Release|x64.Build.0 = Release|x64
		{99190180-E4FA-400B-9FA3-772494A1704B}.Release|x86.ActiveCfg = Release|Win32
		{99190180-E4FA-400B-9FA3-772494A1704B}.Release|x86.Build.0 = Release|Win32
	EndGlobalSection
	GlobalSection(SolutionProperties) = preSolution
		HideSolutionNode = FALSE
	EndGlobalSection
	GlobalSection(ExtensibilityGlobals) = postSolution
		SolutionGuid = {8BF7545C-E6EE-481F-9605-0EC0161DE049}
	EndGlobalSection
EndGlobal
