
Microsoft Visual Studio Solution File, Format Version 12.00
# Visual Studio Version 16
VisualStudioVersion = 16.0.30907.101
MinimumVisualStudioVersion = 10.0.40219.1
Project("{8BC9CEB8-8B4A-11D0-8D11-00A0C91BC942}") = "Rush02", "Rush02\Rush02.vcxproj", "{841C5D0A-BD07-4955-906E-F8DF9F7A75AD}"
EndProject
Project("{8BC9CEB8-8B4A-11D0-8D11-00A0C91BC942}") = "testRush", "testRush\testRush.vcxproj", "{63C75F79-968F-40D4-911B-6D5684BE35D4}"
EndProject
Project("{8BC9CEB8-8B4A-11D0-8D11-00A0C91BC942}") = "testdebug", "testdebug\testdebug.vcxproj", "{2683A104-526F-4AD2-B965-8BAC6ED5BC6B}"
EndProject
Global
	GlobalSection(SolutionConfigurationPlatforms) = preSolution
		Debug|x64 = Debug|x64
		Debug|x86 = Debug|x86
		Release|x64 = Release|x64
		Release|x86 = Release|x86
	EndGlobalSection
	GlobalSection(ProjectConfigurationPlatforms) = postSolution
		{841C5D0A-BD07-4955-906E-F8DF9F7A75AD}.Debug|x64.ActiveCfg = Debug|x64
		{841C5D0A-BD07-4955-906E-F8DF9F7A75AD}.Debug|x64.Build.0 = Debug|x64
		{841C5D0A-BD07-4955-906E-F8DF9F7A75AD}.Debug|x86.ActiveCfg = Debug|Win32
		{841C5D0A-BD07-4955-906E-F8DF9F7A75AD}.Debug|x86.Build.0 = Debug|Win32
		{841C5D0A-BD07-4955-906E-F8DF9F7A75AD}.Release|x64.ActiveCfg = Release|x64
		{841C5D0A-BD07-4955-906E-F8DF9F7A75AD}.Release|x64.Build.0 = Release|x64
		{841C5D0A-BD07-4955-906E-F8DF9F7A75AD}.Release|x86.ActiveCfg = Release|Win32
		{841C5D0A-BD07-4955-906E-F8DF9F7A75AD}.Release|x86.Build.0 = Release|Win32
		{63C75F79-968F-40D4-911B-6D5684BE35D4}.Debug|x64.ActiveCfg = Debug|x64
		{63C75F79-968F-40D4-911B-6D5684BE35D4}.Debug|x64.Build.0 = Debug|x64
		{63C75F79-968F-40D4-911B-6D5684BE35D4}.Debug|x86.ActiveCfg = Debug|Win32
		{63C75F79-968F-40D4-911B-6D5684BE35D4}.Debug|x86.Build.0 = Debug|Win32
		{63C75F79-968F-40D4-911B-6D5684BE35D4}.Release|x64.ActiveCfg = Release|x64
		{63C75F79-968F-40D4-911B-6D5684BE35D4}.Release|x64.Build.0 = Release|x64
		{63C75F79-968F-40D4-911B-6D5684BE35D4}.Release|x86.ActiveCfg = Release|Win32
		{63C75F79-968F-40D4-911B-6D5684BE35D4}.Release|x86.Build.0 = Release|Win32
		{2683A104-526F-4AD2-B965-8BAC6ED5BC6B}.Debug|x64.ActiveCfg = Debug|x64
		{2683A104-526F-4AD2-B965-8BAC6ED5BC6B}.Debug|x64.Build.0 = Debug|x64
		{2683A104-526F-4AD2-B965-8BAC6ED5BC6B}.Debug|x86.ActiveCfg = Debug|Win32
		{2683A104-526F-4AD2-B965-8BAC6ED5BC6B}.Debug|x86.Build.0 = Debug|Win32
		{2683A104-526F-4AD2-B965-8BAC6ED5BC6B}.Release|x64.ActiveCfg = Release|x64
		{2683A104-526F-4AD2-B965-8BAC6ED5BC6B}.Release|x64.Build.0 = Release|x64
		{2683A104-526F-4AD2-B965-8BAC6ED5BC6B}.Release|x86.ActiveCfg = Release|Win32
		{2683A104-526F-4AD2-B965-8BAC6ED5BC6B}.Release|x86.Build.0 = Release|Win32
	EndGlobalSection
	GlobalSection(SolutionProperties) = preSolution
		HideSolutionNode = FALSE
	EndGlobalSection
	GlobalSection(ExtensibilityGlobals) = postSolution
		SolutionGuid = {FA586B20-82DA-4616-8049-93E57D841B70}
	EndGlobalSection
EndGlobal
