
Microsoft Visual Studio Solution File, Format Version 12.00
# Visual Studio Version 16
VisualStudioVersion = 16.0.30907.101
MinimumVisualStudioVersion = 10.0.40219.1
Project("{8BC9CEB8-8B4A-11D0-8D11-00A0C91BC942}") = "Chapter3_3", "Chapter3_3\Chapter3_3.vcxproj", "{7B863326-7C98-418D-8CB3-6529F11E879E}"
EndProject
Project("{8BC9CEB8-8B4A-11D0-8D11-00A0C91BC942}") = "memo", "memo\memo.vcxproj", "{C198D15E-1A68-41D6-B1A3-E320BC3885CB}"
EndProject
Project("{8BC9CEB8-8B4A-11D0-8D11-00A0C91BC942}") = "Chapter3_8", "Chapter3_8\Chapter3_8.vcxproj", "{2A0FEFA4-213F-49CC-B392-5E7D49CA0027}"
EndProject
Project("{8BC9CEB8-8B4A-11D0-8D11-00A0C91BC942}") = "Chapter3_9", "Chapter3_9\Chapter3_9.vcxproj", "{4F6D0EE5-AF52-44E9-ACA1-5D0776C08B75}"
EndProject
Project("{8BC9CEB8-8B4A-11D0-8D11-00A0C91BC942}") = "Chapter5_4", "Chapter5_4\Chapter5_4.vcxproj", "{69F05CA0-45C7-4E9C-8550-ED0D812A0094}"
EndProject
Project("{8BC9CEB8-8B4A-11D0-8D11-00A0C91BC942}") = "Chapter5_7", "Chapter5_7\Chapter5_7.vcxproj", "{51ABCB42-C8B7-4635-BA0D-FC340B111F89}"
EndProject
Project("{8BC9CEB8-8B4A-11D0-8D11-00A0C91BC942}") = "Chapter6_1", "Chapter6_1\Chapter6_1.vcxproj", "{933BA1C6-18F1-4BBE-A453-C561B6C9892B}"
EndProject
Project("{8BC9CEB8-8B4A-11D0-8D11-00A0C91BC942}") = "memo_cpp", "memo_cpp\memo_cpp.vcxproj", "{0864B462-00CB-4E16-9F39-C55E8D759B6E}"
EndProject
Project("{8BC9CEB8-8B4A-11D0-8D11-00A0C91BC942}") = "chapter7_4Tax", "chapter7_4Tax\chapter7_4Tax.vcxproj", "{A70E3CFA-F521-418F-B965-2B3B28C91593}"
EndProject
Project("{8BC9CEB8-8B4A-11D0-8D11-00A0C91BC942}") = "word_counting_7_8", "word_counting_7_8\word_counting_7_8.vcxproj", "{9490AC44-9886-49E7-A081-77D023F890D9}"
EndProject
Project("{8BC9CEB8-8B4A-11D0-8D11-00A0C91BC942}") = "Chapter8_5", "Chapter8_5\Chapter8_5.vcxproj", "{DD9494DC-A377-4D05-B7C2-2FE7C008F97C}"
EndProject
Project("{8BC9CEB8-8B4A-11D0-8D11-00A0C91BC942}") = "Chapter9_2", "Chapter9_2\Chapter9_2.vcxproj", "{59D7E233-0068-40F8-884C-292481F9E5AA}"
EndProject
Project("{8BC9CEB8-8B4A-11D0-8D11-00A0C91BC942}") = "Chapter9_10", "Chapter9_10\Chapter9_10.vcxproj", "{A9B9E98E-D477-4073-98D3-C11696E3AAAF}"
EndProject
Project("{8BC9CEB8-8B4A-11D0-8D11-00A0C91BC942}") = "lapicine", "lapicine\lapicine.vcxproj", "{F0A65ABC-0923-4D35-98DC-02E6E93371D4}"
EndProject
Global
	GlobalSection(SolutionConfigurationPlatforms) = preSolution
		Debug|x64 = Debug|x64
		Debug|x86 = Debug|x86
		Release|x64 = Release|x64
		Release|x86 = Release|x86
	EndGlobalSection
	GlobalSection(ProjectConfigurationPlatforms) = postSolution
		{7B863326-7C98-418D-8CB3-6529F11E879E}.Debug|x64.ActiveCfg = Debug|x64
		{7B863326-7C98-418D-8CB3-6529F11E879E}.Debug|x64.Build.0 = Debug|x64
		{7B863326-7C98-418D-8CB3-6529F11E879E}.Debug|x86.ActiveCfg = Debug|Win32
		{7B863326-7C98-418D-8CB3-6529F11E879E}.Debug|x86.Build.0 = Debug|Win32
		{7B863326-7C98-418D-8CB3-6529F11E879E}.Release|x64.ActiveCfg = Release|x64
		{7B863326-7C98-418D-8CB3-6529F11E879E}.Release|x64.Build.0 = Release|x64
		{7B863326-7C98-418D-8CB3-6529F11E879E}.Release|x86.ActiveCfg = Release|Win32
		{7B863326-7C98-418D-8CB3-6529F11E879E}.Release|x86.Build.0 = Release|Win32
		{C198D15E-1A68-41D6-B1A3-E320BC3885CB}.Debug|x64.ActiveCfg = Debug|x64
		{C198D15E-1A68-41D6-B1A3-E320BC3885CB}.Debug|x64.Build.0 = Debug|x64
		{C198D15E-1A68-41D6-B1A3-E320BC3885CB}.Debug|x86.ActiveCfg = Debug|Win32
		{C198D15E-1A68-41D6-B1A3-E320BC3885CB}.Debug|x86.Build.0 = Debug|Win32
		{C198D15E-1A68-41D6-B1A3-E320BC3885CB}.Release|x64.ActiveCfg = Release|x64
		{C198D15E-1A68-41D6-B1A3-E320BC3885CB}.Release|x64.Build.0 = Release|x64
		{C198D15E-1A68-41D6-B1A3-E320BC3885CB}.Release|x86.ActiveCfg = Release|Win32
		{C198D15E-1A68-41D6-B1A3-E320BC3885CB}.Release|x86.Build.0 = Release|Win32
		{2A0FEFA4-213F-49CC-B392-5E7D49CA0027}.Debug|x64.ActiveCfg = Debug|x64
		{2A0FEFA4-213F-49CC-B392-5E7D49CA0027}.Debug|x64.Build.0 = Debug|x64
		{2A0FEFA4-213F-49CC-B392-5E7D49CA0027}.Debug|x86.ActiveCfg = Debug|Win32
		{2A0FEFA4-213F-49CC-B392-5E7D49CA0027}.Debug|x86.Build.0 = Debug|Win32
		{2A0FEFA4-213F-49CC-B392-5E7D49CA0027}.Release|x64.ActiveCfg = Release|x64
		{2A0FEFA4-213F-49CC-B392-5E7D49CA0027}.Release|x64.Build.0 = Release|x64
		{2A0FEFA4-213F-49CC-B392-5E7D49CA0027}.Release|x86.ActiveCfg = Release|Win32
		{2A0FEFA4-213F-49CC-B392-5E7D49CA0027}.Release|x86.Build.0 = Release|Win32
		{4F6D0EE5-AF52-44E9-ACA1-5D0776C08B75}.Debug|x64.ActiveCfg = Debug|x64
		{4F6D0EE5-AF52-44E9-ACA1-5D0776C08B75}.Debug|x64.Build.0 = Debug|x64
		{4F6D0EE5-AF52-44E9-ACA1-5D0776C08B75}.Debug|x86.ActiveCfg = Debug|Win32
		{4F6D0EE5-AF52-44E9-ACA1-5D0776C08B75}.Debug|x86.Build.0 = Debug|Win32
		{4F6D0EE5-AF52-44E9-ACA1-5D0776C08B75}.Release|x64.ActiveCfg = Release|x64
		{4F6D0EE5-AF52-44E9-ACA1-5D0776C08B75}.Release|x64.Build.0 = Release|x64
		{4F6D0EE5-AF52-44E9-ACA1-5D0776C08B75}.Release|x86.ActiveCfg = Release|Win32
		{4F6D0EE5-AF52-44E9-ACA1-5D0776C08B75}.Release|x86.Build.0 = Release|Win32
		{69F05CA0-45C7-4E9C-8550-ED0D812A0094}.Debug|x64.ActiveCfg = Debug|x64
		{69F05CA0-45C7-4E9C-8550-ED0D812A0094}.Debug|x64.Build.0 = Debug|x64
		{69F05CA0-45C7-4E9C-8550-ED0D812A0094}.Debug|x86.ActiveCfg = Debug|Win32
		{69F05CA0-45C7-4E9C-8550-ED0D812A0094}.Debug|x86.Build.0 = Debug|Win32
		{69F05CA0-45C7-4E9C-8550-ED0D812A0094}.Release|x64.ActiveCfg = Release|x64
		{69F05CA0-45C7-4E9C-8550-ED0D812A0094}.Release|x64.Build.0 = Release|x64
		{69F05CA0-45C7-4E9C-8550-ED0D812A0094}.Release|x86.ActiveCfg = Release|Win32
		{69F05CA0-45C7-4E9C-8550-ED0D812A0094}.Release|x86.Build.0 = Release|Win32
		{51ABCB42-C8B7-4635-BA0D-FC340B111F89}.Debug|x64.ActiveCfg = Debug|x64
		{51ABCB42-C8B7-4635-BA0D-FC340B111F89}.Debug|x64.Build.0 = Debug|x64
		{51ABCB42-C8B7-4635-BA0D-FC340B111F89}.Debug|x86.ActiveCfg = Debug|Win32
		{51ABCB42-C8B7-4635-BA0D-FC340B111F89}.Debug|x86.Build.0 = Debug|Win32
		{51ABCB42-C8B7-4635-BA0D-FC340B111F89}.Release|x64.ActiveCfg = Release|x64
		{51ABCB42-C8B7-4635-BA0D-FC340B111F89}.Release|x64.Build.0 = Release|x64
		{51ABCB42-C8B7-4635-BA0D-FC340B111F89}.Release|x86.ActiveCfg = Release|Win32
		{51ABCB42-C8B7-4635-BA0D-FC340B111F89}.Release|x86.Build.0 = Release|Win32
		{933BA1C6-18F1-4BBE-A453-C561B6C9892B}.Debug|x64.ActiveCfg = Debug|x64
		{933BA1C6-18F1-4BBE-A453-C561B6C9892B}.Debug|x64.Build.0 = Debug|x64
		{933BA1C6-18F1-4BBE-A453-C561B6C9892B}.Debug|x86.ActiveCfg = Debug|Win32
		{933BA1C6-18F1-4BBE-A453-C561B6C9892B}.Debug|x86.Build.0 = Debug|Win32
		{933BA1C6-18F1-4BBE-A453-C561B6C9892B}.Release|x64.ActiveCfg = Release|x64
		{933BA1C6-18F1-4BBE-A453-C561B6C9892B}.Release|x64.Build.0 = Release|x64
		{933BA1C6-18F1-4BBE-A453-C561B6C9892B}.Release|x86.ActiveCfg = Release|Win32
		{933BA1C6-18F1-4BBE-A453-C561B6C9892B}.Release|x86.Build.0 = Release|Win32
		{0864B462-00CB-4E16-9F39-C55E8D759B6E}.Debug|x64.ActiveCfg = Debug|x64
		{0864B462-00CB-4E16-9F39-C55E8D759B6E}.Debug|x64.Build.0 = Debug|x64
		{0864B462-00CB-4E16-9F39-C55E8D759B6E}.Debug|x86.ActiveCfg = Debug|Win32
		{0864B462-00CB-4E16-9F39-C55E8D759B6E}.Debug|x86.Build.0 = Debug|Win32
		{0864B462-00CB-4E16-9F39-C55E8D759B6E}.Release|x64.ActiveCfg = Release|x64
		{0864B462-00CB-4E16-9F39-C55E8D759B6E}.Release|x64.Build.0 = Release|x64
		{0864B462-00CB-4E16-9F39-C55E8D759B6E}.Release|x86.ActiveCfg = Release|Win32
		{0864B462-00CB-4E16-9F39-C55E8D759B6E}.Release|x86.Build.0 = Release|Win32
		{A70E3CFA-F521-418F-B965-2B3B28C91593}.Debug|x64.ActiveCfg = Debug|x64
		{A70E3CFA-F521-418F-B965-2B3B28C91593}.Debug|x64.Build.0 = Debug|x64
		{A70E3CFA-F521-418F-B965-2B3B28C91593}.Debug|x86.ActiveCfg = Debug|Win32
		{A70E3CFA-F521-418F-B965-2B3B28C91593}.Debug|x86.Build.0 = Debug|Win32
		{A70E3CFA-F521-418F-B965-2B3B28C91593}.Release|x64.ActiveCfg = Release|x64
		{A70E3CFA-F521-418F-B965-2B3B28C91593}.Release|x64.Build.0 = Release|x64
		{A70E3CFA-F521-418F-B965-2B3B28C91593}.Release|x86.ActiveCfg = Release|Win32
		{A70E3CFA-F521-418F-B965-2B3B28C91593}.Release|x86.Build.0 = Release|Win32
		{9490AC44-9886-49E7-A081-77D023F890D9}.Debug|x64.ActiveCfg = Debug|x64
		{9490AC44-9886-49E7-A081-77D023F890D9}.Debug|x64.Build.0 = Debug|x64
		{9490AC44-9886-49E7-A081-77D023F890D9}.Debug|x86.ActiveCfg = Debug|Win32
		{9490AC44-9886-49E7-A081-77D023F890D9}.Debug|x86.Build.0 = Debug|Win32
		{9490AC44-9886-49E7-A081-77D023F890D9}.Release|x64.ActiveCfg = Release|x64
		{9490AC44-9886-49E7-A081-77D023F890D9}.Release|x64.Build.0 = Release|x64
		{9490AC44-9886-49E7-A081-77D023F890D9}.Release|x86.ActiveCfg = Release|Win32
		{9490AC44-9886-49E7-A081-77D023F890D9}.Release|x86.Build.0 = Release|Win32
		{DD9494DC-A377-4D05-B7C2-2FE7C008F97C}.Debug|x64.ActiveCfg = Debug|x64
		{DD9494DC-A377-4D05-B7C2-2FE7C008F97C}.Debug|x64.Build.0 = Debug|x64
		{DD9494DC-A377-4D05-B7C2-2FE7C008F97C}.Debug|x86.ActiveCfg = Debug|Win32
		{DD9494DC-A377-4D05-B7C2-2FE7C008F97C}.Debug|x86.Build.0 = Debug|Win32
		{DD9494DC-A377-4D05-B7C2-2FE7C008F97C}.Release|x64.ActiveCfg = Release|x64
		{DD9494DC-A377-4D05-B7C2-2FE7C008F97C}.Release|x64.Build.0 = Release|x64
		{DD9494DC-A377-4D05-B7C2-2FE7C008F97C}.Release|x86.ActiveCfg = Release|Win32
		{DD9494DC-A377-4D05-B7C2-2FE7C008F97C}.Release|x86.Build.0 = Release|Win32
		{59D7E233-0068-40F8-884C-292481F9E5AA}.Debug|x64.ActiveCfg = Debug|x64
		{59D7E233-0068-40F8-884C-292481F9E5AA}.Debug|x64.Build.0 = Debug|x64
		{59D7E233-0068-40F8-884C-292481F9E5AA}.Debug|x86.ActiveCfg = Debug|Win32
		{59D7E233-0068-40F8-884C-292481F9E5AA}.Debug|x86.Build.0 = Debug|Win32
		{59D7E233-0068-40F8-884C-292481F9E5AA}.Release|x64.ActiveCfg = Release|x64
		{59D7E233-0068-40F8-884C-292481F9E5AA}.Release|x64.Build.0 = Release|x64
		{59D7E233-0068-40F8-884C-292481F9E5AA}.Release|x86.ActiveCfg = Release|Win32
		{59D7E233-0068-40F8-884C-292481F9E5AA}.Release|x86.Build.0 = Release|Win32
		{A9B9E98E-D477-4073-98D3-C11696E3AAAF}.Debug|x64.ActiveCfg = Debug|x64
		{A9B9E98E-D477-4073-98D3-C11696E3AAAF}.Debug|x64.Build.0 = Debug|x64
		{A9B9E98E-D477-4073-98D3-C11696E3AAAF}.Debug|x86.ActiveCfg = Debug|Win32
		{A9B9E98E-D477-4073-98D3-C11696E3AAAF}.Debug|x86.Build.0 = Debug|Win32
		{A9B9E98E-D477-4073-98D3-C11696E3AAAF}.Release|x64.ActiveCfg = Release|x64
		{A9B9E98E-D477-4073-98D3-C11696E3AAAF}.Release|x64.Build.0 = Release|x64
		{A9B9E98E-D477-4073-98D3-C11696E3AAAF}.Release|x86.ActiveCfg = Release|Win32
		{A9B9E98E-D477-4073-98D3-C11696E3AAAF}.Release|x86.Build.0 = Release|Win32
		{F0A65ABC-0923-4D35-98DC-02E6E93371D4}.Debug|x64.ActiveCfg = Debug|x64
		{F0A65ABC-0923-4D35-98DC-02E6E93371D4}.Debug|x64.Build.0 = Debug|x64
		{F0A65ABC-0923-4D35-98DC-02E6E93371D4}.Debug|x86.ActiveCfg = Debug|Win32
		{F0A65ABC-0923-4D35-98DC-02E6E93371D4}.Debug|x86.Build.0 = Debug|Win32
		{F0A65ABC-0923-4D35-98DC-02E6E93371D4}.Release|x64.ActiveCfg = Release|x64
		{F0A65ABC-0923-4D35-98DC-02E6E93371D4}.Release|x64.Build.0 = Release|x64
		{F0A65ABC-0923-4D35-98DC-02E6E93371D4}.Release|x86.ActiveCfg = Release|Win32
		{F0A65ABC-0923-4D35-98DC-02E6E93371D4}.Release|x86.Build.0 = Release|Win32
	EndGlobalSection
	GlobalSection(SolutionProperties) = preSolution
		HideSolutionNode = FALSE
	EndGlobalSection
	GlobalSection(ExtensibilityGlobals) = postSolution
		SolutionGuid = {52B2EB43-27B4-4ACD-9E21-C943F55A6744}
	EndGlobalSection
EndGlobal
